{
  "version": 4,
  "terraform_version": "1.13.1",
  "serial": 27,
  "lineage": "bb27beef-6c47-7578-c64e-5915bfe66ef2",
  "outputs": {
    "cluster_certificate_authority": {
      "value": "LS0tLS1CRUdJTiBDRVJUSUZJQ0FURS0tLS0tCk1JSURCVENDQWUyZ0F3SUJBZ0lJUXVoRGVIM0ZOZTh3RFFZSktvWklodmNOQVFFTEJRQXdGVEVUTUJFR0ExVUUKQXhNS2EzVmlaWEp1WlhSbGN6QWVGdzB5TlRBNU1UQXdNekl5TUROYUZ3MHpOVEE1TURnd016STNNRE5hTUJVeApFekFSQmdOVkJBTVRDbXQxWW1WeWJtVjBaWE13Z2dFaU1BMEdDU3FHU0liM0RRRUJBUVVBQTRJQkR3QXdnZ0VLCkFvSUJBUURXVlU4M1hRWWcvZWREQVZKNytKcXJzZjI2c1U1aTZhUzNHM1ZqK2RQQzFvaGFmcEtQMXlHWDJBRHQKbGx2U1h2WlJXRnptb0FKYUJaWFpNcGVEbnpBQ2ZaVzNGaWV1NlZLODZCVitUb2lSYmNTMFVLS0JGY3lMSEtqZwpwT3JyMkI2UW8vdWo1NUFnSEx3MWpkYnUwZmlNL0o5VHpmMk9pWTlMd1YxWThEQWZjTHJyd0pmNWFRT3JDc1VECkFQdU9uTXVGRHIvTXdpZ2l3T3lKZjBLNDBlMVA0ZlpGejRsSTVpL2JUWEVqYWxja0tuSDk1eWFtTm95Z3g4LzcKNXNBSFQwK1dVK0lrN3dsY05ScFVuLzkzVTBQYTdVeEpDOGNNdGE2WVI1SDhUS2NBTFJYaUlQQ29vVVZKNUZxOApoeDNQZzR4MXdjMGYxUWl0YnM4MnJOcUZBS2tMQWdNQkFBR2pXVEJYTUE0R0ExVWREd0VCL3dRRUF3SUNwREFQCkJnTlZIUk1CQWY4RUJUQURBUUgvTUIwR0ExVWREZ1FXQkJTN2FWMjQ4K0pyZWF3Wi92WTZ6K2hMNHc2Y0ZqQVYKQmdOVkhSRUVEakFNZ2dwcmRXSmxjbTVsZEdWek1BMEdDU3FHU0liM0RRRUJDd1VBQTRJQkFRQUJDOEk1NzFDNwpBdDIzRUVybkhwZkZjZkpVUlYyRHVwTDVMYWZFVENpK3RXZkt0cFB6VE1VTXY4dTE0TnBDam83ZVNOdjdsZWpQCjNKTFZVR2NDMjVGRHRNUkFpdVQ2Zi9sZXUxWFBGVkYxUzVyU1JTN2VmQXlWeGhtdGhZSzdnb1UvbkRUNXN3V1kKeDA1Vyt4MFJWemNoTms5bWdRTmNlaVpmaG1zTVF6T3lFUEhuNko0V0JUcW96QWpiaHdUTE95SjJVUlpGUWNFRApEVExRSUJZeUpRRlN6MXFJOHNFa1luTTR1NmlLWjZNajA1TUtucENDS3kvZFppS1JvQWxjM01XN1EwY2xaT2xOCmxWS25lVm5PYkRIQi8reUlPc0FHWlFIcG5yVjRhekZKbnpqMWRVcHJvdk1XbjJMcDhMY0paQjNhNTFFVFpZMEYKL0xqd0JLdFdKWk1UCi0tLS0tRU5EIENFUlRJRklDQVRFLS0tLS0K",
      "type": "string"
    },
    "cluster_endpoint": {
      "value": "https://389A72ADF4AD886D2FA10E79054E720A.sk1.eu-west-1.eks.amazonaws.com",
      "type": "string"
    },
    "cluster_name": {
      "value": "project-bedrock-eks-cluster",
      "type": "string"
    }
  },
  "resources": [
    {
      "mode": "managed",
      "type": "aws_ec2_tag",
      "name": "private_subnet_cluster",
      "provider": "provider[\"registry.terraform.io/hashicorp/aws\"]",
      "instances": [
        {
          "index_key": "subnet-04746109f33098115",
          "schema_version": 0,
          "attributes": {
            "id": "subnet-04746109f33098115,kubernetes.io/cluster/project-bedrock-eks-cluster",
            "key": "kubernetes.io/cluster/project-bedrock-eks-cluster",
            "region": "eu-west-1",
            "resource_id": "subnet-04746109f33098115",
            "value": "shared"
          },
          "sensitive_attributes": [],
          "identity_schema_version": 0,
          "private": "bnVsbA==",
          "dependencies": [
            "aws_eks_cluster.this",
            "aws_iam_role.eks_cluster_role",
            "aws_iam_role_policy_attachment.eks_cluster_AmazonEKSClusterPolicy",
            "aws_iam_role_policy_attachment.eks_cluster_AmazonEKSServicePolicy"
          ]
        },
        {
          "index_key": "subnet-0bd38c23eea40ff9c",
          "schema_version": 0,
          "attributes": {
            "id": "subnet-0bd38c23eea40ff9c,kubernetes.io/cluster/project-bedrock-eks-cluster",
            "key": "kubernetes.io/cluster/project-bedrock-eks-cluster",
            "region": "eu-west-1",
            "resource_id": "subnet-0bd38c23eea40ff9c",
            "value": "shared"
          },
          "sensitive_attributes": [],
          "identity_schema_version": 0,
          "private": "bnVsbA==",
          "dependencies": [
            "aws_eks_cluster.this",
            "aws_iam_role.eks_cluster_role",
            "aws_iam_role_policy_attachment.eks_cluster_AmazonEKSClusterPolicy",
            "aws_iam_role_policy_attachment.eks_cluster_AmazonEKSServicePolicy"
          ]
        }
      ]
    },
    {
      "mode": "managed",
      "type": "aws_ec2_tag",
      "name": "private_subnet_tags",
      "provider": "provider[\"registry.terraform.io/hashicorp/aws\"]",
      "instances": [
        {
          "index_key": "subnet-04746109f33098115",
          "schema_version": 0,
          "attributes": {
            "id": "subnet-04746109f33098115,kubernetes.io/role/internal-elb",
            "key": "kubernetes.io/role/internal-elb",
            "region": "eu-west-1",
            "resource_id": "subnet-04746109f33098115",
            "value": "1"
          },
          "sensitive_attributes": [],
          "identity_schema_version": 0,
          "private": "bnVsbA=="
        },
        {
          "index_key": "subnet-0bd38c23eea40ff9c",
          "schema_version": 0,
          "attributes": {
            "id": "subnet-0bd38c23eea40ff9c,kubernetes.io/role/internal-elb",
            "key": "kubernetes.io/role/internal-elb",
            "region": "eu-west-1",
            "resource_id": "subnet-0bd38c23eea40ff9c",
            "value": "1"
          },
          "sensitive_attributes": [],
          "identity_schema_version": 0,
          "private": "bnVsbA=="
        }
      ]
    },
    {
      "mode": "managed",
      "type": "aws_ec2_tag",
      "name": "public_subnet_cluster",
      "provider": "provider[\"registry.terraform.io/hashicorp/aws\"]",
      "instances": [
        {
          "index_key": "subnet-0d75bb327d5518ecf",
          "schema_version": 0,
          "attributes": {
            "id": "subnet-0d75bb327d5518ecf,kubernetes.io/cluster/project-bedrock-eks-cluster",
            "key": "kubernetes.io/cluster/project-bedrock-eks-cluster",
            "region": "eu-west-1",
            "resource_id": "subnet-0d75bb327d5518ecf",
            "value": "shared"
          },
          "sensitive_attributes": [],
          "identity_schema_version": 0,
          "private": "bnVsbA==",
          "dependencies": [
            "aws_eks_cluster.this",
            "aws_iam_role.eks_cluster_role",
            "aws_iam_role_policy_attachment.eks_cluster_AmazonEKSClusterPolicy",
            "aws_iam_role_policy_attachment.eks_cluster_AmazonEKSServicePolicy"
          ]
        },
        {
          "index_key": "subnet-0d818bdf20254a2d4",
          "schema_version": 0,
          "attributes": {
            "id": "subnet-0d818bdf20254a2d4,kubernetes.io/cluster/project-bedrock-eks-cluster",
            "key": "kubernetes.io/cluster/project-bedrock-eks-cluster",
            "region": "eu-west-1",
            "resource_id": "subnet-0d818bdf20254a2d4",
            "value": "shared"
          },
          "sensitive_attributes": [],
          "identity_schema_version": 0,
          "private": "bnVsbA==",
          "dependencies": [
            "aws_eks_cluster.this",
            "aws_iam_role.eks_cluster_role",
            "aws_iam_role_policy_attachment.eks_cluster_AmazonEKSClusterPolicy",
            "aws_iam_role_policy_attachment.eks_cluster_AmazonEKSServicePolicy"
          ]
        }
      ]
    },
    {
      "mode": "managed",
      "type": "aws_ec2_tag",
      "name": "public_subnet_tags",
      "provider": "provider[\"registry.terraform.io/hashicorp/aws\"]",
      "instances": [
        {
          "index_key": "subnet-0d75bb327d5518ecf",
          "schema_version": 0,
          "attributes": {
            "id": "subnet-0d75bb327d5518ecf,kubernetes.io/role/elb",
            "key": "kubernetes.io/role/elb",
            "region": "eu-west-1",
            "resource_id": "subnet-0d75bb327d5518ecf",
            "value": "1"
          },
          "sensitive_attributes": [],
          "identity_schema_version": 0,
          "private": "bnVsbA=="
        },
        {
          "index_key": "subnet-0d818bdf20254a2d4",
          "schema_version": 0,
          "attributes": {
            "id": "subnet-0d818bdf20254a2d4,kubernetes.io/role/elb",
            "key": "kubernetes.io/role/elb",
            "region": "eu-west-1",
            "resource_id": "subnet-0d818bdf20254a2d4",
            "value": "1"
          },
          "sensitive_attributes": [],
          "identity_schema_version": 0,
          "private": "bnVsbA=="
        }
      ]
    },
    {
      "mode": "managed",
      "type": "aws_eks_cluster",
      "name": "this",
      "provider": "provider[\"registry.terraform.io/hashicorp/aws\"]",
      "instances": [
        {
          "schema_version": 1,
          "attributes": {
            "access_config": [
              {
                "authentication_mode": "CONFIG_MAP",
                "bootstrap_cluster_creator_admin_permissions": true
              }
            ],
            "arn": "arn:aws:eks:eu-west-1:585008052023:cluster/project-bedrock-eks-cluster",
            "bootstrap_self_managed_addons": true,
            "certificate_authority": [
              {
                "data": "LS0tLS1CRUdJTiBDRVJUSUZJQ0FURS0tLS0tCk1JSURCVENDQWUyZ0F3SUJBZ0lJUXVoRGVIM0ZOZTh3RFFZSktvWklodmNOQVFFTEJRQXdGVEVUTUJFR0ExVUUKQXhNS2EzVmlaWEp1WlhSbGN6QWVGdzB5TlRBNU1UQXdNekl5TUROYUZ3MHpOVEE1TURnd016STNNRE5hTUJVeApFekFSQmdOVkJBTVRDbXQxWW1WeWJtVjBaWE13Z2dFaU1BMEdDU3FHU0liM0RRRUJBUVVBQTRJQkR3QXdnZ0VLCkFvSUJBUURXVlU4M1hRWWcvZWREQVZKNytKcXJzZjI2c1U1aTZhUzNHM1ZqK2RQQzFvaGFmcEtQMXlHWDJBRHQKbGx2U1h2WlJXRnptb0FKYUJaWFpNcGVEbnpBQ2ZaVzNGaWV1NlZLODZCVitUb2lSYmNTMFVLS0JGY3lMSEtqZwpwT3JyMkI2UW8vdWo1NUFnSEx3MWpkYnUwZmlNL0o5VHpmMk9pWTlMd1YxWThEQWZjTHJyd0pmNWFRT3JDc1VECkFQdU9uTXVGRHIvTXdpZ2l3T3lKZjBLNDBlMVA0ZlpGejRsSTVpL2JUWEVqYWxja0tuSDk1eWFtTm95Z3g4LzcKNXNBSFQwK1dVK0lrN3dsY05ScFVuLzkzVTBQYTdVeEpDOGNNdGE2WVI1SDhUS2NBTFJYaUlQQ29vVVZKNUZxOApoeDNQZzR4MXdjMGYxUWl0YnM4MnJOcUZBS2tMQWdNQkFBR2pXVEJYTUE0R0ExVWREd0VCL3dRRUF3SUNwREFQCkJnTlZIUk1CQWY4RUJUQURBUUgvTUIwR0ExVWREZ1FXQkJTN2FWMjQ4K0pyZWF3Wi92WTZ6K2hMNHc2Y0ZqQVYKQmdOVkhSRUVEakFNZ2dwcmRXSmxjbTVsZEdWek1BMEdDU3FHU0liM0RRRUJDd1VBQTRJQkFRQUJDOEk1NzFDNwpBdDIzRUVybkhwZkZjZkpVUlYyRHVwTDVMYWZFVENpK3RXZkt0cFB6VE1VTXY4dTE0TnBDam83ZVNOdjdsZWpQCjNKTFZVR2NDMjVGRHRNUkFpdVQ2Zi9sZXUxWFBGVkYxUzVyU1JTN2VmQXlWeGhtdGhZSzdnb1UvbkRUNXN3V1kKeDA1Vyt4MFJWemNoTms5bWdRTmNlaVpmaG1zTVF6T3lFUEhuNko0V0JUcW96QWpiaHdUTE95SjJVUlpGUWNFRApEVExRSUJZeUpRRlN6MXFJOHNFa1luTTR1NmlLWjZNajA1TUtucENDS3kvZFppS1JvQWxjM01XN1EwY2xaT2xOCmxWS25lVm5PYkRIQi8reUlPc0FHWlFIcG5yVjRhekZKbnpqMWRVcHJvdk1XbjJMcDhMY0paQjNhNTFFVFpZMEYKL0xqd0JLdFdKWk1UCi0tLS0tRU5EIENFUlRJRklDQVRFLS0tLS0K"
              }
            ],
            "cluster_id": null,
            "compute_config": [],
            "created_at": "2025-09-10T03:21:36Z",
            "deletion_protection": false,
            "enabled_cluster_log_types": [],
            "encryption_config": [],
            "endpoint": "https://389A72ADF4AD886D2FA10E79054E720A.sk1.eu-west-1.eks.amazonaws.com",
            "force_update_version": null,
            "id": "project-bedrock-eks-cluster",
            "identity": [
              {
                "oidc": [
                  {
                    "issuer": "https://oidc.eks.eu-west-1.amazonaws.com/id/389A72ADF4AD886D2FA10E79054E720A"
                  }
                ]
              }
            ],
            "kubernetes_network_config": [
              {
                "elastic_load_balancing": [
                  {
                    "enabled": false
                  }
                ],
                "ip_family": "ipv4",
                "service_ipv4_cidr": "172.20.0.0/16",
                "service_ipv6_cidr": ""
              }
            ],
            "name": "project-bedrock-eks-cluster",
            "outpost_config": [],
            "platform_version": "eks.46",
            "region": "eu-west-1",
            "remote_network_config": [],
            "role_arn": "arn:aws:iam::585008052023:role/project-bedrock-eks-cluster-role",
            "status": "ACTIVE",
            "storage_config": [],
            "tags": {},
            "tags_all": {},
            "timeouts": null,
            "upgrade_policy": [
              {
                "support_type": "EXTENDED"
              }
            ],
            "version": "1.29",
            "vpc_config": [
              {
                "cluster_security_group_id": "sg-058e9aef83a10152f",
                "endpoint_private_access": false,
                "endpoint_public_access": true,
                "public_access_cidrs": [
                  "0.0.0.0/0"
                ],
                "security_group_ids": [],
                "subnet_ids": [
                  "subnet-04746109f33098115",
                  "subnet-0bd38c23eea40ff9c",
                  "subnet-0d75bb327d5518ecf",
                  "subnet-0d818bdf20254a2d4"
                ],
                "vpc_id": "vpc-04d80f72a4444a6b4"
              }
            ],
            "zonal_shift_config": []
          },
          "sensitive_attributes": [],
          "identity_schema_version": 0,
          "private": "eyJlMmJmYjczMC1lY2FhLTExZTYtOGY4OC0zNDM2M2JjN2M0YzAiOnsiY3JlYXRlIjoxODAwMDAwMDAwMDAwLCJkZWxldGUiOjkwMDAwMDAwMDAwMCwidXBkYXRlIjozNjAwMDAwMDAwMDAwfSwic2NoZW1hX3ZlcnNpb24iOiIxIn0=",
          "dependencies": [
            "aws_iam_role.eks_cluster_role",
            "aws_iam_role_policy_attachment.eks_cluster_AmazonEKSClusterPolicy",
            "aws_iam_role_policy_attachment.eks_cluster_AmazonEKSServicePolicy"
          ]
        }
      ]
    },
    {
      "mode": "managed",
      "type": "aws_eks_node_group",
      "name": "this",
      "provider": "provider[\"registry.terraform.io/hashicorp/aws\"]",
      "instances": [
        {
          "status": "tainted",
          "schema_version": 0,
          "attributes": {
            "ami_type": null,
            "arn": null,
            "capacity_type": null,
            "cluster_name": "project-bedrock-eks-cluster",
            "disk_size": null,
            "force_update_version": null,
            "id": "project-bedrock-eks-cluster:project-bedrock-node-group",
            "instance_types": [
              "t3.medium"
            ],
            "labels": null,
            "launch_template": [],
            "node_group_name": "project-bedrock-node-group",
            "node_group_name_prefix": null,
            "node_repair_config": null,
            "node_role_arn": "arn:aws:iam::585008052023:role/project-bedrock-eks-node-role",
            "region": "eu-west-1",
            "release_version": null,
            "remote_access": [],
            "resources": null,
            "scaling_config": [
              {
                "desired_size": 2,
                "max_size": 3,
                "min_size": 1
              }
            ],
            "status": null,
            "subnet_ids": [
              "subnet-0d75bb327d5518ecf",
              "subnet-0d818bdf20254a2d4"
            ],
            "tags": null,
            "tags_all": null,
            "taint": [],
            "timeouts": null,
            "update_config": null,
            "version": null
          },
          "sensitive_attributes": [],
          "identity_schema_version": 0,
          "private": "eyJlMmJmYjczMC1lY2FhLTExZTYtOGY4OC0zNDM2M2JjN2M0YzAiOnsiY3JlYXRlIjozNjAwMDAwMDAwMDAwLCJkZWxldGUiOjM2MDAwMDAwMDAwMDAsInVwZGF0ZSI6MzYwMDAwMDAwMDAwMH19",
          "dependencies": [
            "aws_eks_cluster.this",
            "aws_iam_role.eks_cluster_role",
            "aws_iam_role.eks_node_role",
            "aws_iam_role_policy_attachment.eks_cluster_AmazonEKSClusterPolicy",
            "aws_iam_role_policy_attachment.eks_cluster_AmazonEKSServicePolicy",
            "aws_iam_role_policy_attachment.eks_node_AmazonEC2ContainerRegistryReadOnly",
            "aws_iam_role_policy_attachment.eks_node_AmazonEKSWorkerNodePolicy",
            "aws_iam_role_policy_attachment.eks_node_AmazonEKS_CNI_Policy"
          ]
        }
      ]
    },
    {
      "mode": "managed",
      "type": "aws_iam_role",
      "name": "eks_cluster_role",
      "provider": "provider[\"registry.terraform.io/hashicorp/aws\"]",
      "instances": [
        {
          "schema_version": 0,
          "attributes": {
            "arn": "arn:aws:iam::585008052023:role/project-bedrock-eks-cluster-role",
            "assume_role_policy": "{\"Statement\":[{\"Action\":\"sts:AssumeRole\",\"Effect\":\"Allow\",\"Principal\":{\"Service\":\"eks.amazonaws.com\"}}],\"Version\":\"2012-10-17\"}",
            "create_date": "2025-09-10T03:21:32Z",
            "description": "",
            "force_detach_policies": false,
            "id": "project-bedrock-eks-cluster-role",
            "inline_policy": [],
            "managed_policy_arns": [
              "arn:aws:iam::aws:policy/AmazonEKSClusterPolicy",
              "arn:aws:iam::aws:policy/AmazonEKSServicePolicy"
            ],
            "max_session_duration": 3600,
            "name": "project-bedrock-eks-cluster-role",
            "name_prefix": "",
            "path": "/",
            "permissions_boundary": "",
            "tags": {},
            "tags_all": {},
            "unique_id": "AROAYQNJSO43YF3J7YSZV"
          },
          "sensitive_attributes": [],
          "identity_schema_version": 0,
          "identity": {
            "account_id": "585008052023",
            "name": "project-bedrock-eks-cluster-role"
          },
          "private": "bnVsbA=="
        }
      ]
    },
    {
      "mode": "managed",
      "type": "aws_iam_role",
      "name": "eks_node_role",
      "provider": "provider[\"registry.terraform.io/hashicorp/aws\"]",
      "instances": [
        {
          "schema_version": 0,
          "attributes": {
            "arn": "arn:aws:iam::585008052023:role/project-bedrock-eks-node-role",
            "assume_role_policy": "{\"Statement\":[{\"Action\":\"sts:AssumeRole\",\"Effect\":\"Allow\",\"Principal\":{\"Service\":\"ec2.amazonaws.com\"}}],\"Version\":\"2012-10-17\"}",
            "create_date": "2025-09-10T03:21:32Z",
            "description": "",
            "force_detach_policies": false,
            "id": "project-bedrock-eks-node-role",
            "inline_policy": [],
            "managed_policy_arns": [
              "arn:aws:iam::aws:policy/AmazonEC2ContainerRegistryReadOnly",
              "arn:aws:iam::aws:policy/AmazonEKSWorkerNodePolicy",
              "arn:aws:iam::aws:policy/AmazonEKS_CNI_Policy"
            ],
            "max_session_duration": 3600,
            "name": "project-bedrock-eks-node-role",
            "name_prefix": "",
            "path": "/",
            "permissions_boundary": "",
            "tags": {},
            "tags_all": {},
            "unique_id": "AROAYQNJSO432CZ3EQBET"
          },
          "sensitive_attributes": [],
          "identity_schema_version": 0,
          "identity": {
            "account_id": "585008052023",
            "name": "project-bedrock-eks-node-role"
          },
          "private": "bnVsbA=="
        }
      ]
    },
    {
      "mode": "managed",
      "type": "aws_iam_role_policy_attachment",
      "name": "eks_cluster_AmazonEKSClusterPolicy",
      "provider": "provider[\"registry.terraform.io/hashicorp/aws\"]",
      "instances": [
        {
          "schema_version": 0,
          "attributes": {
            "id": "project-bedrock-eks-cluster-role/arn:aws:iam::aws:policy/AmazonEKSClusterPolicy",
            "policy_arn": "arn:aws:iam::aws:policy/AmazonEKSClusterPolicy",
            "role": "project-bedrock-eks-cluster-role"
          },
          "sensitive_attributes": [],
          "identity_schema_version": 0,
          "identity": {
            "account_id": "585008052023",
            "policy_arn": "arn:aws:iam::aws:policy/AmazonEKSClusterPolicy",
            "role": "project-bedrock-eks-cluster-role"
          },
          "private": "bnVsbA==",
          "dependencies": [
            "aws_iam_role.eks_cluster_role"
          ]
        }
      ]
    },
    {
      "mode": "managed",
      "type": "aws_iam_role_policy_attachment",
      "name": "eks_cluster_AmazonEKSServicePolicy",
      "provider": "provider[\"registry.terraform.io/hashicorp/aws\"]",
      "instances": [
        {
          "schema_version": 0,
          "attributes": {
            "id": "project-bedrock-eks-cluster-role/arn:aws:iam::aws:policy/AmazonEKSServicePolicy",
            "policy_arn": "arn:aws:iam::aws:policy/AmazonEKSServicePolicy",
            "role": "project-bedrock-eks-cluster-role"
          },
          "sensitive_attributes": [],
          "identity_schema_version": 0,
          "identity": {
            "account_id": "585008052023",
            "policy_arn": "arn:aws:iam::aws:policy/AmazonEKSServicePolicy",
            "role": "project-bedrock-eks-cluster-role"
          },
          "private": "bnVsbA==",
          "dependencies": [
            "aws_iam_role.eks_cluster_role"
          ]
        }
      ]
    },
    {
      "mode": "managed",
      "type": "aws_iam_role_policy_attachment",
      "name": "eks_node_AmazonEC2ContainerRegistryReadOnly",
      "provider": "provider[\"registry.terraform.io/hashicorp/aws\"]",
      "instances": [
        {
          "schema_version": 0,
          "attributes": {
            "id": "project-bedrock-eks-node-role/arn:aws:iam::aws:policy/AmazonEC2ContainerRegistryReadOnly",
            "policy_arn": "arn:aws:iam::aws:policy/AmazonEC2ContainerRegistryReadOnly",
            "role": "project-bedrock-eks-node-role"
          },
          "sensitive_attributes": [],
          "identity_schema_version": 0,
          "identity": {
            "account_id": "585008052023",
            "policy_arn": "arn:aws:iam::aws:policy/AmazonEC2ContainerRegistryReadOnly",
            "role": "project-bedrock-eks-node-role"
          },
          "private": "bnVsbA==",
          "dependencies": [
            "aws_iam_role.eks_node_role"
          ]
        }
      ]
    },
    {
      "mode": "managed",
      "type": "aws_iam_role_policy_attachment",
      "name": "eks_node_AmazonEKSWorkerNodePolicy",
      "provider": "provider[\"registry.terraform.io/hashicorp/aws\"]",
      "instances": [
        {
          "schema_version": 0,
          "attributes": {
            "id": "project-bedrock-eks-node-role/arn:aws:iam::aws:policy/AmazonEKSWorkerNodePolicy",
            "policy_arn": "arn:aws:iam::aws:policy/AmazonEKSWorkerNodePolicy",
            "role": "project-bedrock-eks-node-role"
          },
          "sensitive_attributes": [],
          "identity_schema_version": 0,
          "identity": {
            "account_id": "585008052023",
            "policy_arn": "arn:aws:iam::aws:policy/AmazonEKSWorkerNodePolicy",
            "role": "project-bedrock-eks-node-role"
          },
          "private": "bnVsbA==",
          "dependencies": [
            "aws_iam_role.eks_node_role"
          ]
        }
      ]
    },
    {
      "mode": "managed",
      "type": "aws_iam_role_policy_attachment",
      "name": "eks_node_AmazonEKS_CNI_Policy",
      "provider": "provider[\"registry.terraform.io/hashicorp/aws\"]",
      "instances": [
        {
          "schema_version": 0,
          "attributes": {
            "id": "project-bedrock-eks-node-role/arn:aws:iam::aws:policy/AmazonEKS_CNI_Policy",
            "policy_arn": "arn:aws:iam::aws:policy/AmazonEKS_CNI_Policy",
            "role": "project-bedrock-eks-node-role"
          },
          "sensitive_attributes": [],
          "identity_schema_version": 0,
          "identity": {
            "account_id": "585008052023",
            "policy_arn": "arn:aws:iam::aws:policy/AmazonEKS_CNI_Policy",
            "role": "project-bedrock-eks-node-role"
          },
          "private": "bnVsbA==",
          "dependencies": [
            "aws_iam_role.eks_node_role"
          ]
        }
      ]
    }
  ],
  "check_results": null
}
