{
  "version": 4,
  "terraform_version": "1.13.1",
  "serial": 6,
  "lineage": "40ce34bc-004b-b555-b727-a682885608ff",
  "outputs": {
    "vpc_id": {
      "value": "vpc-04d80f72a4444a6b4",
      "type": "string"
    }
  },
  "resources": [
    {
      "mode": "managed",
      "type": "aws_vpc",
      "name": "main",
      "provider": "provider[\"registry.terraform.io/hashicorp/aws\"]",
      "instances": [
        {
          "schema_version": 1,
          "attributes": {
            "arn": "arn:aws:ec2:eu-west-1:585008052023:vpc/vpc-04d80f72a4444a6b4",
            "assign_generated_ipv6_cidr_block": false,
            "cidr_block": "10.0.0.0/16",
            "default_network_acl_id": "acl-0219096eeccf87132",
            "default_route_table_id": "rtb-0cac8aab37afbfbdd",
            "default_security_group_id": "sg-087efe242ccaf6c35",
            "dhcp_options_id": "dopt-0babf40c56de27f43",
            "enable_dns_hostnames": true,
            "enable_dns_support": true,
            "enable_network_address_usage_metrics": false,
            "id": "vpc-04d80f72a4444a6b4",
            "instance_tenancy": "default",
            "ipv4_ipam_pool_id": null,
            "ipv4_netmask_length": null,
            "ipv6_association_id": "",
            "ipv6_cidr_block": "",
            "ipv6_cidr_block_network_border_group": "",
            "ipv6_ipam_pool_id": "",
            "ipv6_netmask_length": 0,
            "main_route_table_id": "rtb-0cac8aab37afbfbdd",
            "owner_id": "585008052023",
            "tags": {
              "Name": "project-bedrock-vpc"
            },
            "tags_all": {
              "Name": "project-bedrock-vpc"
            }
          },
          "sensitive_attributes": [],
          "identity_schema_version": 0,
          "private": "eyJzY2hlbWFfdmVyc2lvbiI6IjEifQ=="
        }
      ]
    }
  ],
  "check_results": null
}
